
Microsoft Visual Studio Solution File, Format Version 12.00
# Visual Studio Version 17
VisualStudioVersion = 17.0.31903.59
MinimumVisualStudioVersion = 10.0.40219.1
Project("{FAE04EC0-301F-11D3-BF4B-00C04F79EFBC}") = "SkillLearning.Api", "SkillLearning.Api\SkillLearning.Api.csproj", "{A6EC3FEA-EE4D-4DCE-89DC-733C4F16AC39}"
EndProject
Project("{FAE04EC0-301F-11D3-BF4B-00C04F79EFBC}") = "SkillLearning.Application", "SkillLearning.Application\SkillLearning.Application.csproj", "{B7A401D8-1B40-4C3F-9152-609CF9499A6A}"
EndProject
Project("{FAE04EC0-301F-11D3-BF4B-00C04F79EFBC}") = "SkillLearning.Domain", "SkillLearning.Domain\SkillLearning.Domain.csproj", "{C1BFCECF-4D1E-421A-A980-F7B19D9DBD0E}"
EndProject
Project("{FAE04EC0-301F-11D3-BF4B-00C04F79EFBC}") = "SkillLearning.Infrastructure", "SkillLearning.Infrastructure\SkillLearning.Infrastructure.csproj", "{AC1145EC-53EA-4CE8-BE43-D4E95F53E95E}"
EndProject
Project("{FAE04EC0-301F-11D3-BF4B-00C04F79EFBC}") = "SkillLearning.Tests", "SkillLearning.Tests\SkillLearning.Tests.csproj", "{1B98F375-92CC-45F6-9D5E-194828DF800F}"
EndProject
Project("{FAE04EC0-301F-11D3-BF4B-00C04F79EFBC}") = "SkillLearning.Workers.EmailSender", "SkillLearning.Workers.EmailSender\SkillLearning.Workers.EmailSender.csproj", "{D5175843-6018-4F10-A24A-918F4D845086}"
EndProject
Global
	GlobalSection(SolutionConfigurationPlatforms) = preSolution
		Debug|Any CPU = Debug|Any CPU
		Debug|x64 = Debug|x64
		Debug|x86 = Debug|x86
		Release|Any CPU = Release|Any CPU
		Release|x64 = Release|x64
		Release|x86 = Release|x86
	EndGlobalSection
	GlobalSection(ProjectConfigurationPlatforms) = postSolution
		{A6EC3FEA-EE4D-4DCE-89DC-733C4F16AC39}.Debug|Any CPU.ActiveCfg = Debug|Any CPU
		{A6EC3FEA-EE4D-4DCE-89DC-733C4F16AC39}.Debug|Any CPU.Build.0 = Debug|Any CPU
		{A6EC3FEA-EE4D-4DCE-89DC-733C4F16AC39}.Debug|x64.ActiveCfg = Debug|Any CPU
		{A6EC3FEA-EE4D-4DCE-89DC-733C4F16AC39}.Debug|x64.Build.0 = Debug|Any CPU
		{A6EC3FEA-EE4D-4DCE-89DC-733C4F16AC39}.Debug|x86.ActiveCfg = Debug|Any CPU
		{A6EC3FEA-EE4D-4DCE-89DC-733C4F16AC39}.Debug|x86.Build.0 = Debug|Any CPU
		{A6EC3FEA-EE4D-4DCE-89DC-733C4F16AC39}.Release|Any CPU.ActiveCfg = Release|Any CPU
		{A6EC3FEA-EE4D-4DCE-89DC-733C4F16AC39}.Release|Any CPU.Build.0 = Release|Any CPU
		{A6EC3FEA-EE4D-4DCE-89DC-733C4F16AC39}.Release|x64.ActiveCfg = Release|Any CPU
		{A6EC3FEA-EE4D-4DCE-89DC-733C4F16AC39}.Release|x64.Build.0 = Release|Any CPU
		{A6EC3FEA-EE4D-4DCE-89DC-733C4F16AC39}.Release|x86.ActiveCfg = Release|Any CPU
		{A6EC3FEA-EE4D-4DCE-89DC-733C4F16AC39}.Release|x86.Build.0 = Release|Any CPU
		{B7A401D8-1B40-4C3F-9152-609CF9499A6A}.Debug|Any CPU.ActiveCfg = Debug|Any CPU
		{B7A401D8-1B40-4C3F-9152-609CF9499A6A}.Debug|Any CPU.Build.0 = Debug|Any CPU
		{B7A401D8-1B40-4C3F-9152-609CF9499A6A}.Debug|x64.ActiveCfg = Debug|Any CPU
		{B7A401D8-1B40-4C3F-9152-609CF9499A6A}.Debug|x64.Build.0 = Debug|Any CPU
		{B7A401D8-1B40-4C3F-9152-609CF9499A6A}.Debug|x86.ActiveCfg = Debug|Any CPU
		{B7A401D8-1B40-4C3F-9152-609CF9499A6A}.Debug|x86.Build.0 = Debug|Any CPU
		{B7A401D8-1B40-4C3F-9152-609CF9499A6A}.Release|Any CPU.ActiveCfg = Release|Any CPU
		{B7A401D8-1B40-4C3F-9152-609CF9499A6A}.Release|Any CPU.Build.0 = Release|Any CPU
		{B7A401D8-1B40-4C3F-9152-609CF9499A6A}.Release|x64.ActiveCfg = Release|Any CPU
		{B7A401D8-1B40-4C3F-9152-609CF9499A6A}.Release|x64.Build.0 = Release|Any CPU
		{B7A401D8-1B40-4C3F-9152-609CF9499A6A}.Release|x86.ActiveCfg = Release|Any CPU
		{B7A401D8-1B40-4C3F-9152-609CF9499A6A}.Release|x86.Build.0 = Release|Any CPU
		{C1BFCECF-4D1E-421A-A980-F7B19D9DBD0E}.Debug|Any CPU.ActiveCfg = Debug|Any CPU
		{C1BFCECF-4D1E-421A-A980-F7B19D9DBD0E}.Debug|Any CPU.Build.0 = Debug|Any CPU
		{C1BFCECF-4D1E-421A-A980-F7B19D9DBD0E}.Debug|x64.ActiveCfg = Debug|Any CPU
		{C1BFCECF-4D1E-421A-A980-F7B19D9DBD0E}.Debug|x64.Build.0 = Debug|Any CPU
		{C1BFCECF-4D1E-421A-A980-F7B19D9DBD0E}.Debug|x86.ActiveCfg = Debug|Any CPU
		{C1BFCECF-4D1E-421A-A980-F7B19D9DBD0E}.Debug|x86.Build.0 = Debug|Any CPU
		{C1BFCECF-4D1E-421A-A980-F7B19D9DBD0E}.Release|Any CPU.ActiveCfg = Release|Any CPU
		{C1BFCECF-4D1E-421A-A980-F7B19D9DBD0E}.Release|Any CPU.Build.0 = Release|Any CPU
		{C1BFCECF-4D1E-421A-A980-F7B19D9DBD0E}.Release|x64.ActiveCfg = Release|Any CPU
		{C1BFCECF-4D1E-421A-A980-F7B19D9DBD0E}.Release|x64.Build.0 = Release|Any CPU
		{C1BFCECF-4D1E-421A-A980-F7B19D9DBD0E}.Release|x86.ActiveCfg = Release|Any CPU
		{C1BFCECF-4D1E-421A-A980-F7B19D9DBD0E}.Release|x86.Build.0 = Release|Any CPU
		{AC1145EC-53EA-4CE8-BE43-D4E95F53E95E}.Debug|Any CPU.ActiveCfg = Debug|Any CPU
		{AC1145EC-53EA-4CE8-BE43-D4E95F53E95E}.Debug|Any CPU.Build.0 = Debug|Any CPU
		{AC1145EC-53EA-4CE8-BE43-D4E95F53E95E}.Debug|x64.ActiveCfg = Debug|Any CPU
		{AC1145EC-53EA-4CE8-BE43-D4E95F53E95E}.Debug|x64.Build.0 = Debug|Any CPU
		{AC1145EC-53EA-4CE8-BE43-D4E95F53E95E}.Debug|x86.ActiveCfg = Debug|Any CPU
		{AC1145EC-53EA-4CE8-BE43-D4E95F53E95E}.Debug|x86.Build.0 = Debug|Any CPU
		{AC1145EC-53EA-4CE8-BE43-D4E95F53E95E}.Release|Any CPU.ActiveCfg = Release|Any CPU
		{AC1145EC-53EA-4CE8-BE43-D4E95F53E95E}.Release|Any CPU.Build.0 = Release|Any CPU
		{AC1145EC-53EA-4CE8-BE43-D4E95F53E95E}.Release|x64.ActiveCfg = Release|Any CPU
		{AC1145EC-53EA-4CE8-BE43-D4E95F53E95E}.Release|x64.Build.0 = Release|Any CPU
		{AC1145EC-53EA-4CE8-BE43-D4E95F53E95E}.Release|x86.ActiveCfg = Release|Any CPU
		{AC1145EC-53EA-4CE8-BE43-D4E95F53E95E}.Release|x86.Build.0 = Release|Any CPU
		{1B98F375-92CC-45F6-9D5E-194828DF800F}.Debug|Any CPU.ActiveCfg = Debug|Any CPU
		{1B98F375-92CC-45F6-9D5E-194828DF800F}.Debug|Any CPU.Build.0 = Debug|Any CPU
		{1B98F375-92CC-45F6-9D5E-194828DF800F}.Debug|x64.ActiveCfg = Debug|Any CPU
		{1B98F375-92CC-45F6-9D5E-194828DF800F}.Debug|x64.Build.0 = Debug|Any CPU
		{1B98F375-92CC-45F6-9D5E-194828DF800F}.Debug|x86.ActiveCfg = Debug|Any CPU
		{1B98F375-92CC-45F6-9D5E-194828DF800F}.Debug|x86.Build.0 = Debug|Any CPU
		{1B98F375-92CC-45F6-9D5E-194828DF800F}.Release|Any CPU.ActiveCfg = Release|Any CPU
		{1B98F375-92CC-45F6-9D5E-194828DF800F}.Release|Any CPU.Build.0 = Release|Any CPU
		{1B98F375-92CC-45F6-9D5E-194828DF800F}.Release|x64.ActiveCfg = Release|Any CPU
		{1B98F375-92CC-45F6-9D5E-194828DF800F}.Release|x64.Build.0 = Release|Any CPU
		{1B98F375-92CC-45F6-9D5E-194828DF800F}.Release|x86.ActiveCfg = Release|Any CPU
		{1B98F375-92CC-45F6-9D5E-194828DF800F}.Release|x86.Build.0 = Release|Any CPU
		{D5175843-6018-4F10-A24A-918F4D845086}.Debug|Any CPU.ActiveCfg = Debug|Any CPU
		{D5175843-6018-4F10-A24A-918F4D845086}.Debug|Any CPU.Build.0 = Debug|Any CPU
		{D5175843-6018-4F10-A24A-918F4D845086}.Debug|x64.ActiveCfg = Debug|Any CPU
		{D5175843-6018-4F10-A24A-918F4D845086}.Debug|x64.Build.0 = Debug|Any CPU
		{D5175843-6018-4F10-A24A-918F4D845086}.Debug|x86.ActiveCfg = Debug|Any CPU
		{D5175843-6018-4F10-A24A-918F4D845086}.Debug|x86.Build.0 = Debug|Any CPU
		{D5175843-6018-4F10-A24A-918F4D845086}.Release|Any CPU.ActiveCfg = Release|Any CPU
		{D5175843-6018-4F10-A24A-918F4D845086}.Release|Any CPU.Build.0 = Release|Any CPU
		{D5175843-6018-4F10-A24A-918F4D845086}.Release|x64.ActiveCfg = Release|Any CPU
		{D5175843-6018-4F10-A24A-918F4D845086}.Release|x64.Build.0 = Release|Any CPU
		{D5175843-6018-4F10-A24A-918F4D845086}.Release|x86.ActiveCfg = Release|Any CPU
		{D5175843-6018-4F10-A24A-918F4D845086}.Release|x86.Build.0 = Release|Any CPU
	EndGlobalSection
	GlobalSection(SolutionProperties) = preSolution
		HideSolutionNode = FALSE
	EndGlobalSection
EndGlobal
